
Microsoft Visual Studio Solution File, Format Version 12.00
# Visual Studio Version 17
VisualStudioVersion = 17.4.33110.190
MinimumVisualStudioVersion = 10.0.40219.1
Project("{FAE04EC0-301F-11D3-BF4B-00C04F79EFBC}") = "ShopMangement", "ShopMangement\ShopMangement.csproj", "{743DE42F-7264-43F5-96D3-82857FFD81B2}"
EndProject
Global
	GlobalSection(SolutionConfigurationPlatforms) = preSolution
		Debug|Any CPU = Debug|Any CPU
		Release|Any CPU = Release|Any CPU
	EndGlobalSection
	GlobalSection(ProjectConfigurationPlatforms) = postSolution
		{743DE42F-7264-43F5-96D3-82857FFD81B2}.Debug|Any CPU.ActiveCfg = Debug|Any CPU
		{743DE42F-7264-43F5-96D3-82857FFD81B2}.Debug|Any CPU.Build.0 = Debug|Any CPU
		{743DE42F-7264-43F5-96D3-82857FFD81B2}.Release|Any CPU.ActiveCfg = Release|Any CPU
		{743DE42F-7264-43F5-96D3-82857FFD81B2}.Release|Any CPU.Build.0 = Release|Any CPU
	EndGlobalSection
	GlobalSection(SolutionProperties) = preSolution
		HideSolutionNode = FALSE
	EndGlobalSection
	GlobalSection(ExtensibilityGlobals) = postSolution
		SolutionGuid = {8801083E-644B-4EB8-8CA0-2CE7E55A4672}
	EndGlobalSection
EndGlobal
